
Microsoft Visual Studio Solution File, Format Version 12.00
# Visual Studio 14
VisualStudioVersion = 14.0.24720.0
MinimumVisualStudioVersion = 10.0.40219.1
Project("{FAE04EC0-301F-11D3-BF4B-00C04F79EFBC}") = "FightingClub_Nikita", "FightingClub_Nikita\FightingClub_Nikita.csproj", "{F9CB1CF8-AFBC-4D92-A2BB-35F2F65E9795}"
EndProject
Project("{FAE04EC0-301F-11D3-BF4B-00C04F79EFBC}") = "GameProcess.BL", "GameProcess\GameProcess.BL.csproj", "{5F87480E-10CD-4AC8-86D4-0015E7500E4D}"
EndProject
Global
	GlobalSection(SolutionConfigurationPlatforms) = preSolution
		Debug|Any CPU = Debug|Any CPU
		Release|Any CPU = Release|Any CPU
	EndGlobalSection
	GlobalSection(ProjectConfigurationPlatforms) = postSolution
		{F9CB1CF8-AFBC-4D92-A2BB-35F2F65E9795}.Debug|Any CPU.ActiveCfg = Debug|Any CPU
		{F9CB1CF8-AFBC-4D92-A2BB-35F2F65E9795}.Debug|Any CPU.Build.0 = Debug|Any CPU
		{F9CB1CF8-AFBC-4D92-A2BB-35F2F65E9795}.Release|Any CPU.ActiveCfg = Release|Any CPU
		{F9CB1CF8-AFBC-4D92-A2BB-35F2F65E9795}.Release|Any CPU.Build.0 = Release|Any CPU
		{5F87480E-10CD-4AC8-86D4-0015E7500E4D}.Debug|Any CPU.ActiveCfg = Debug|Any CPU
		{5F87480E-10CD-4AC8-86D4-0015E7500E4D}.Debug|Any CPU.Build.0 = Debug|Any CPU
		{5F87480E-10CD-4AC8-86D4-0015E7500E4D}.Release|Any CPU.ActiveCfg = Release|Any CPU
		{5F87480E-10CD-4AC8-86D4-0015E7500E4D}.Release|Any CPU.Build.0 = Release|Any CPU
	EndGlobalSection
	GlobalSection(SolutionProperties) = preSolution
		HideSolutionNode = FALSE
	EndGlobalSection
EndGlobal
